
Microsoft Visual Studio Solution File, Format Version 12.00
# Visual Studio 15
Project("{FAE04EC0-301F-11D3-BF4B-00C04F79EFBC}") = "VuforiaScripts", "VuforiaScripts.csproj", "{CF4FB89D-1EBB-FF3B-F546-C1622773B66A}"
EndProject
Project("{FAE04EC0-301F-11D3-BF4B-00C04F79EFBC}") = "VuforiaEditorScripts", "VuforiaEditorScripts.csproj", "{062CBD44-B15F-B79A-AF1F-36DE1688F1FC}"
EndProject
Global
	GlobalSection(SolutionConfigurationPlatforms) = preSolution
		Debug|Any CPU = Debug|Any CPU
		Release|Any CPU = Release|Any CPU
	EndGlobalSection
	GlobalSection(ProjectConfigurationPlatforms) = postSolution
		{CF4FB89D-1EBB-FF3B-F546-C1622773B66A}.Debug|Any CPU.ActiveCfg = Debug|Any CPU
		{CF4FB89D-1EBB-FF3B-F546-C1622773B66A}.Debug|Any CPU.Build.0 = Debug|Any CPU
		{CF4FB89D-1EBB-FF3B-F546-C1622773B66A}.Release|Any CPU.ActiveCfg = Release|Any CPU
		{CF4FB89D-1EBB-FF3B-F546-C1622773B66A}.Release|Any CPU.Build.0 = Release|Any CPU
		{062CBD44-B15F-B79A-AF1F-36DE1688F1FC}.Debug|Any CPU.ActiveCfg = Debug|Any CPU
		{062CBD44-B15F-B79A-AF1F-36DE1688F1FC}.Debug|Any CPU.Build.0 = Debug|Any CPU
		{062CBD44-B15F-B79A-AF1F-36DE1688F1FC}.Release|Any CPU.ActiveCfg = Release|Any CPU
		{062CBD44-B15F-B79A-AF1F-36DE1688F1FC}.Release|Any CPU.Build.0 = Release|Any CPU
	EndGlobalSection
	GlobalSection(SolutionProperties) = preSolution
		HideSolutionNode = FALSE
	EndGlobalSection
	GlobalSection(MonoDevelopProperties) = preSolution
		StartupItem = Assembly-CSharp.csproj
	EndGlobalSection
EndGlobal
